{
  "nodes": {
    "coreboot": {
      "flake": false,
      "locked": {
        "lastModified": 1688777014,
        "narHash": "sha256-uNKAMolNIq9u6Nzaq/yIKcXIcCeeyY+76laDHTMldh4=",
        "ref": "tinyboot",
        "rev": "5d95794cecd823d3dee4d42e3ffe42f5c254ef7a",
        "revCount": 53357,
        "submodules": true,
        "type": "git",
        "url": "https://github.com/jmbaur/coreboot"
      },
      "original": {
        "ref": "tinyboot",
        "submodules": true,
        "type": "git",
        "url": "https://github.com/jmbaur/coreboot"
      }
    },
    "flashrom": {
      "flake": false,
      "locked": {
        "lastModified": 1687750657,
        "narHash": "sha256-GvYpW4h/3ucav57ckC5PFkGntT383gBApLtvViPN+Lo=",
        "ref": "refs/heads/master",
        "rev": "4564183f4f3a48dfd34b99ba576b721230224a71",
        "revCount": 4671,
        "type": "git",
        "url": "https://chromium.googlesource.com/chromiumos/third_party/flashrom"
      },
      "original": {
        "type": "git",
        "url": "https://chromium.googlesource.com/chromiumos/third_party/flashrom"
      }
    },
    "nixpkgs": {
      "locked": {
        "lastModified": 1688590700,
        "narHash": "sha256-ZF055rIUP89cVwiLpG5xkJzx00gEuuGFF60Bs/LM3wc=",
        "owner": "NixOS",
        "repo": "nixpkgs",
        "rev": "f292b4964cb71f9dfbbd30dc9f511d6165cd109b",
        "type": "github"
      },
      "original": {
        "id": "nixpkgs",
        "ref": "nixos-unstable",
        "type": "indirect"
      }
    },
    "root": {
      "inputs": {
        "coreboot": "coreboot",
        "flashrom": "flashrom",
        "nixpkgs": "nixpkgs"
      }
    }
  },
  "root": "root",
  "version": 7
}
