{
  "nodes": {
    "nixpkgs": {
      "locked": {
        "lastModified": 1684305980,
        "narHash": "sha256-vd4SKXX1KZfSX6n3eoguJw/vQ+sBL8XGdgfxjEgLpKc=",
        "owner": "NixOS",
        "repo": "nixpkgs",
        "rev": "e6e389917a8c778be636e67a67ec958f511cc55d",
        "type": "github"
      },
      "original": {
        "id": "nixpkgs",
        "ref": "nixos-unstable",
        "type": "indirect"
      }
    },
    "root": {
      "inputs": {
        "nixpkgs": "nixpkgs"
      }
    }
  },
  "root": "root",
  "version": 7
}
