{
  "nodes": {
    "coreboot": {
      "flake": false,
      "locked": {
        "lastModified": 1692570778,
        "narHash": "sha256-teTwKz06lZvbvWSU/4uierMk6J13kK0AoToQqfvbt4Q=",
        "ref": "tinyboot",
        "rev": "7be60152678938ec4cfd57e5649d31e3bd9ce173",
        "revCount": 52781,
        "submodules": true,
        "type": "git",
        "url": "https://github.com/jmbaur/coreboot"
      },
      "original": {
        "ref": "tinyboot",
        "submodules": true,
        "type": "git",
        "url": "https://github.com/jmbaur/coreboot"
      }
    },
    "nixpkgs": {
      "locked": {
        "lastModified": 1692638711,
        "narHash": "sha256-J0LgSFgJVGCC1+j5R2QndadWI1oumusg6hCtYAzLID4=",
        "owner": "NixOS",
        "repo": "nixpkgs",
        "rev": "91a22f76cd1716f9d0149e8a5c68424bb691de15",
        "type": "github"
      },
      "original": {
        "id": "nixpkgs",
        "ref": "nixos-unstable",
        "type": "indirect"
      }
    },
    "root": {
      "inputs": {
        "coreboot": "coreboot",
        "nixpkgs": "nixpkgs"
      }
    }
  },
  "root": "root",
  "version": 7
}
